
Microsoft Visual Studio Solution File, Format Version 12.00
# Visual Studio Version 16
VisualStudioVersion = 16.0.29709.97
MinimumVisualStudioVersion = 10.0.40219.1
Project("{9A19103F-16F7-4668-BE54-9A1E7A4F7556}") = "PiControlPanel.Api.GraphQL", "Api\PiControlPanel.Api.GraphQL\PiControlPanel.Api.GraphQL.csproj", "{263AE3BA-4172-4BFD-99CC-7BF02C9FB633}"
EndProject
Project("{2150E333-8FDC-42A3-9474-1A3956D46DE8}") = "Api", "Api", "{E12B36FC-E7E7-42B6-896C-B3CFF9E13AFD}"
EndProject
Project("{2150E333-8FDC-42A3-9474-1A3956D46DE8}") = "Application", "Application", "{394BF366-1BFB-4BC9-BE9A-61DFB1E98EEB}"
EndProject
Project("{2150E333-8FDC-42A3-9474-1A3956D46DE8}") = "Domain", "Domain", "{03035172-E8E0-4E23-9525-B8C3869BE60E}"
EndProject
Project("{2150E333-8FDC-42A3-9474-1A3956D46DE8}") = "Infrastructure", "Infrastructure", "{A9C7A4A7-6C4E-4F75-98E4-F3F89D766073}"
EndProject
Project("{9A19103F-16F7-4668-BE54-9A1E7A4F7556}") = "PiControlPanel.Domain.Models", "Domain\PiControlPanel.Domain.Models\PiControlPanel.Domain.Models.csproj", "{576A6393-7CD0-43B1-B42B-5D3DF13BE9E0}"
EndProject
Project("{9A19103F-16F7-4668-BE54-9A1E7A4F7556}") = "PiControlPanel.Domain.Contracts", "Domain\PiControlPanel.Domain.Contracts\PiControlPanel.Domain.Contracts.csproj", "{92BE59F6-8326-49EE-874F-ACCA8DDA2961}"
EndProject
Project("{9A19103F-16F7-4668-BE54-9A1E7A4F7556}") = "PiControlPanel.Application.Services", "Application\PiControlPanel.Application.Services\PiControlPanel.Application.Services.csproj", "{7B78B461-6866-46A9-BD89-60DA06FAE882}"
	ProjectSection(ProjectDependencies) = postProject
		{7B6BA491-E08D-4A29-8C6B-21FC0E565F20} = {7B6BA491-E08D-4A29-8C6B-21FC0E565F20}
		{FE854AD5-80E2-46FD-ABDE-C698F72CEBD0} = {FE854AD5-80E2-46FD-ABDE-C698F72CEBD0}
	EndProjectSection
EndProject
Project("{9A19103F-16F7-4668-BE54-9A1E7A4F7556}") = "PiControlPanel.Infrastructure.Persistence", "Infrastructure\PiControlPanel.Infrastructure.Persistence\PiControlPanel.Infrastructure.Persistence.csproj", "{FE854AD5-80E2-46FD-ABDE-C698F72CEBD0}"
EndProject
Project("{9A19103F-16F7-4668-BE54-9A1E7A4F7556}") = "PiControlPanel.Infrastructure.OnDemand", "Infrastructure\PiControlPanel.Infrastructure.OnDemand\PiControlPanel.Infrastructure.OnDemand.csproj", "{7B6BA491-E08D-4A29-8C6B-21FC0E565F20}"
EndProject
Project("{9A19103F-16F7-4668-BE54-9A1E7A4F7556}") = "PiControlPanel.Application.BackgroundServices", "Application\PiControlPanel.Application.BackgroundServices\PiControlPanel.Application.BackgroundServices.csproj", "{6AC5DEF7-EB06-449D-861D-23D4AC201479}"
EndProject
Project("{2150E333-8FDC-42A3-9474-1A3956D46DE8}") = "Docker", "Docker", "{C3258F8D-3220-4835-85CA-3AA0F24029BE}"
	ProjectSection(SolutionItems) = preProject
		Docker\docker-compose.pi.yml = Docker\docker-compose.pi.yml
		Docker\docker-compose.yml = Docker\docker-compose.yml
		Docker\Dockerfile = Docker\Dockerfile
		Docker\Dockerfile.pi = Docker\Dockerfile.pi
	EndProjectSection
EndProject
Project("{9A19103F-16F7-4668-BE54-9A1E7A4F7556}") = "PiControlPanel.Infrastructure.Persistence.Entities", "Infrastructure\PiControlPanel.Infrastructure.Persistence.Entities\PiControlPanel.Infrastructure.Persistence.Entities.csproj", "{75BA719A-D861-47E2-AC8F-E6C839B1D689}"
EndProject
Project("{9A19103F-16F7-4668-BE54-9A1E7A4F7556}") = "PiControlPanel.Infrastructure.Persistence.Contracts", "Infrastructure\PiControlPanel.Infrastructure.Persistence.Contracts\PiControlPanel.Infrastructure.Persistence.Contracts.csproj", "{9A486103-437A-4630-B2C8-C80AC1A871F2}"
EndProject
Project("{2150E333-8FDC-42A3-9474-1A3956D46DE8}") = "Tests", "Tests", "{5F3F2B27-7342-4A5C-B480-7A9ADF3634F0}"
EndProject
Project("{9A19103F-16F7-4668-BE54-9A1E7A4F7556}") = "PiControlPanel.Tests.UnitTests", "Tests\PiControlPanel.Tests.UnitTests\PiControlPanel.Tests.UnitTests.csproj", "{172EBF48-4C4B-432F-8DF4-A37F53C2374A}"
EndProject
Project("{FAE04EC0-301F-11D3-BF4B-00C04F79EFBC}") = "PiControlPanel.Tests.IntegrationTests", "Tests\PiControlPanel.Tests.IntegrationTests\PiControlPanel.Tests.IntegrationTests.csproj", "{6BC85964-863B-48C6-BEA8-E3C94A1D6235}"
EndProject
Global
	GlobalSection(SolutionConfigurationPlatforms) = preSolution
		Debug|Any CPU = Debug|Any CPU
		Release|Any CPU = Release|Any CPU
	EndGlobalSection
	GlobalSection(ProjectConfigurationPlatforms) = postSolution
		{263AE3BA-4172-4BFD-99CC-7BF02C9FB633}.Debug|Any CPU.ActiveCfg = Debug|Any CPU
		{263AE3BA-4172-4BFD-99CC-7BF02C9FB633}.Debug|Any CPU.Build.0 = Debug|Any CPU
		{263AE3BA-4172-4BFD-99CC-7BF02C9FB633}.Release|Any CPU.ActiveCfg = Release|Any CPU
		{263AE3BA-4172-4BFD-99CC-7BF02C9FB633}.Release|Any CPU.Build.0 = Release|Any CPU
		{576A6393-7CD0-43B1-B42B-5D3DF13BE9E0}.Debug|Any CPU.ActiveCfg = Debug|Any CPU
		{576A6393-7CD0-43B1-B42B-5D3DF13BE9E0}.Debug|Any CPU.Build.0 = Debug|Any CPU
		{576A6393-7CD0-43B1-B42B-5D3DF13BE9E0}.Release|Any CPU.ActiveCfg = Release|Any CPU
		{576A6393-7CD0-43B1-B42B-5D3DF13BE9E0}.Release|Any CPU.Build.0 = Release|Any CPU
		{92BE59F6-8326-49EE-874F-ACCA8DDA2961}.Debug|Any CPU.ActiveCfg = Debug|Any CPU
		{92BE59F6-8326-49EE-874F-ACCA8DDA2961}.Debug|Any CPU.Build.0 = Debug|Any CPU
		{92BE59F6-8326-49EE-874F-ACCA8DDA2961}.Release|Any CPU.ActiveCfg = Release|Any CPU
		{92BE59F6-8326-49EE-874F-ACCA8DDA2961}.Release|Any CPU.Build.0 = Release|Any CPU
		{7B78B461-6866-46A9-BD89-60DA06FAE882}.Debug|Any CPU.ActiveCfg = Debug|Any CPU
		{7B78B461-6866-46A9-BD89-60DA06FAE882}.Debug|Any CPU.Build.0 = Debug|Any CPU
		{7B78B461-6866-46A9-BD89-60DA06FAE882}.Release|Any CPU.ActiveCfg = Release|Any CPU
		{7B78B461-6866-46A9-BD89-60DA06FAE882}.Release|Any CPU.Build.0 = Release|Any CPU
		{FE854AD5-80E2-46FD-ABDE-C698F72CEBD0}.Debug|Any CPU.ActiveCfg = Debug|Any CPU
		{FE854AD5-80E2-46FD-ABDE-C698F72CEBD0}.Debug|Any CPU.Build.0 = Debug|Any CPU
		{FE854AD5-80E2-46FD-ABDE-C698F72CEBD0}.Release|Any CPU.ActiveCfg = Release|Any CPU
		{FE854AD5-80E2-46FD-ABDE-C698F72CEBD0}.Release|Any CPU.Build.0 = Release|Any CPU
		{7B6BA491-E08D-4A29-8C6B-21FC0E565F20}.Debug|Any CPU.ActiveCfg = Debug|Any CPU
		{7B6BA491-E08D-4A29-8C6B-21FC0E565F20}.Debug|Any CPU.Build.0 = Debug|Any CPU
		{7B6BA491-E08D-4A29-8C6B-21FC0E565F20}.Release|Any CPU.ActiveCfg = Release|Any CPU
		{7B6BA491-E08D-4A29-8C6B-21FC0E565F20}.Release|Any CPU.Build.0 = Release|Any CPU
		{6AC5DEF7-EB06-449D-861D-23D4AC201479}.Debug|Any CPU.ActiveCfg = Debug|Any CPU
		{6AC5DEF7-EB06-449D-861D-23D4AC201479}.Debug|Any CPU.Build.0 = Debug|Any CPU
		{6AC5DEF7-EB06-449D-861D-23D4AC201479}.Release|Any CPU.ActiveCfg = Release|Any CPU
		{6AC5DEF7-EB06-449D-861D-23D4AC201479}.Release|Any CPU.Build.0 = Release|Any CPU
		{75BA719A-D861-47E2-AC8F-E6C839B1D689}.Debug|Any CPU.ActiveCfg = Debug|Any CPU
		{75BA719A-D861-47E2-AC8F-E6C839B1D689}.Debug|Any CPU.Build.0 = Debug|Any CPU
		{75BA719A-D861-47E2-AC8F-E6C839B1D689}.Release|Any CPU.ActiveCfg = Release|Any CPU
		{75BA719A-D861-47E2-AC8F-E6C839B1D689}.Release|Any CPU.Build.0 = Release|Any CPU
		{9A486103-437A-4630-B2C8-C80AC1A871F2}.Debug|Any CPU.ActiveCfg = Debug|Any CPU
		{9A486103-437A-4630-B2C8-C80AC1A871F2}.Debug|Any CPU.Build.0 = Debug|Any CPU
		{9A486103-437A-4630-B2C8-C80AC1A871F2}.Release|Any CPU.ActiveCfg = Release|Any CPU
		{9A486103-437A-4630-B2C8-C80AC1A871F2}.Release|Any CPU.Build.0 = Release|Any CPU
		{172EBF48-4C4B-432F-8DF4-A37F53C2374A}.Debug|Any CPU.ActiveCfg = Debug|Any CPU
		{172EBF48-4C4B-432F-8DF4-A37F53C2374A}.Debug|Any CPU.Build.0 = Debug|Any CPU
		{172EBF48-4C4B-432F-8DF4-A37F53C2374A}.Release|Any CPU.ActiveCfg = Release|Any CPU
		{172EBF48-4C4B-432F-8DF4-A37F53C2374A}.Release|Any CPU.Build.0 = Release|Any CPU
		{6BC85964-863B-48C6-BEA8-E3C94A1D6235}.Debug|Any CPU.ActiveCfg = Debug|Any CPU
		{6BC85964-863B-48C6-BEA8-E3C94A1D6235}.Debug|Any CPU.Build.0 = Debug|Any CPU
		{6BC85964-863B-48C6-BEA8-E3C94A1D6235}.Release|Any CPU.ActiveCfg = Release|Any CPU
		{6BC85964-863B-48C6-BEA8-E3C94A1D6235}.Release|Any CPU.Build.0 = Release|Any CPU
	EndGlobalSection
	GlobalSection(SolutionProperties) = preSolution
		HideSolutionNode = FALSE
	EndGlobalSection
	GlobalSection(NestedProjects) = preSolution
		{263AE3BA-4172-4BFD-99CC-7BF02C9FB633} = {E12B36FC-E7E7-42B6-896C-B3CFF9E13AFD}
		{576A6393-7CD0-43B1-B42B-5D3DF13BE9E0} = {03035172-E8E0-4E23-9525-B8C3869BE60E}
		{92BE59F6-8326-49EE-874F-ACCA8DDA2961} = {03035172-E8E0-4E23-9525-B8C3869BE60E}
		{7B78B461-6866-46A9-BD89-60DA06FAE882} = {394BF366-1BFB-4BC9-BE9A-61DFB1E98EEB}
		{FE854AD5-80E2-46FD-ABDE-C698F72CEBD0} = {A9C7A4A7-6C4E-4F75-98E4-F3F89D766073}
		{7B6BA491-E08D-4A29-8C6B-21FC0E565F20} = {A9C7A4A7-6C4E-4F75-98E4-F3F89D766073}
		{6AC5DEF7-EB06-449D-861D-23D4AC201479} = {394BF366-1BFB-4BC9-BE9A-61DFB1E98EEB}
		{75BA719A-D861-47E2-AC8F-E6C839B1D689} = {A9C7A4A7-6C4E-4F75-98E4-F3F89D766073}
		{9A486103-437A-4630-B2C8-C80AC1A871F2} = {A9C7A4A7-6C4E-4F75-98E4-F3F89D766073}
		{172EBF48-4C4B-432F-8DF4-A37F53C2374A} = {5F3F2B27-7342-4A5C-B480-7A9ADF3634F0}
		{6BC85964-863B-48C6-BEA8-E3C94A1D6235} = {5F3F2B27-7342-4A5C-B480-7A9ADF3634F0}
	EndGlobalSection
	GlobalSection(ExtensibilityGlobals) = postSolution
		SolutionGuid = {98CB8066-E593-4DFF-9EA8-9BB8DB364288}
	EndGlobalSection
EndGlobal
